
Microsoft Visual Studio Solution File, Format Version 12.00
# Visual Studio Version 16
VisualStudioVersion = 16.0.30204.135
MinimumVisualStudioVersion = 10.0.40219.1
Project("{FAE04EC0-301F-11D3-BF4B-00C04F79EFBC}") = "ElevenNote.WebAPI", "ElevenNote.WebAPI\ElevenNote.WebAPI.csproj", "{ACB20EF6-DD5B-4052-903A-CEFDAAF76D28}"
EndProject
Project("{FAE04EC0-301F-11D3-BF4B-00C04F79EFBC}") = "ElevenNote.Data", "ElevenNote.Data\ElevenNote.Data.csproj", "{C23D968C-E37A-48D3-9320-23E91FCF688C}"
EndProject
Project("{FAE04EC0-301F-11D3-BF4B-00C04F79EFBC}") = "ElevenNote.Models", "ElevenNote.Models\ElevenNote.Models.csproj", "{D7661C1A-8C47-4D1C-BCB0-6EDC3229C6E7}"
EndProject
Project("{FAE04EC0-301F-11D3-BF4B-00C04F79EFBC}") = "ElevenNote.Services", "ElevenNote.Services\ElevenNote.Services.csproj", "{25AD85B4-22FC-416C-B9E7-9B02F2436694}"
EndProject
Global
	GlobalSection(SolutionConfigurationPlatforms) = preSolution
		Debug|Any CPU = Debug|Any CPU
		Release|Any CPU = Release|Any CPU
	EndGlobalSection
	GlobalSection(ProjectConfigurationPlatforms) = postSolution
		{ACB20EF6-DD5B-4052-903A-CEFDAAF76D28}.Debug|Any CPU.ActiveCfg = Debug|Any CPU
		{ACB20EF6-DD5B-4052-903A-CEFDAAF76D28}.Debug|Any CPU.Build.0 = Debug|Any CPU
		{ACB20EF6-DD5B-4052-903A-CEFDAAF76D28}.Release|Any CPU.ActiveCfg = Release|Any CPU
		{ACB20EF6-DD5B-4052-903A-CEFDAAF76D28}.Release|Any CPU.Build.0 = Release|Any CPU
		{C23D968C-E37A-48D3-9320-23E91FCF688C}.Debug|Any CPU.ActiveCfg = Debug|Any CPU
		{C23D968C-E37A-48D3-9320-23E91FCF688C}.Debug|Any CPU.Build.0 = Debug|Any CPU
		{C23D968C-E37A-48D3-9320-23E91FCF688C}.Release|Any CPU.ActiveCfg = Release|Any CPU
		{C23D968C-E37A-48D3-9320-23E91FCF688C}.Release|Any CPU.Build.0 = Release|Any CPU
		{D7661C1A-8C47-4D1C-BCB0-6EDC3229C6E7}.Debug|Any CPU.ActiveCfg = Debug|Any CPU
		{D7661C1A-8C47-4D1C-BCB0-6EDC3229C6E7}.Debug|Any CPU.Build.0 = Debug|Any CPU
		{D7661C1A-8C47-4D1C-BCB0-6EDC3229C6E7}.Release|Any CPU.ActiveCfg = Release|Any CPU
		{D7661C1A-8C47-4D1C-BCB0-6EDC3229C6E7}.Release|Any CPU.Build.0 = Release|Any CPU
		{25AD85B4-22FC-416C-B9E7-9B02F2436694}.Debug|Any CPU.ActiveCfg = Debug|Any CPU
		{25AD85B4-22FC-416C-B9E7-9B02F2436694}.Debug|Any CPU.Build.0 = Debug|Any CPU
		{25AD85B4-22FC-416C-B9E7-9B02F2436694}.Release|Any CPU.ActiveCfg = Release|Any CPU
		{25AD85B4-22FC-416C-B9E7-9B02F2436694}.Release|Any CPU.Build.0 = Release|Any CPU
	EndGlobalSection
	GlobalSection(SolutionProperties) = preSolution
		HideSolutionNode = FALSE
	EndGlobalSection
	GlobalSection(ExtensibilityGlobals) = postSolution
		SolutionGuid = {E94F2683-263E-41BD-B719-D89C9A0B857B}
	EndGlobalSection
EndGlobal
